
Microsoft Visual Studio Solution File, Format Version 12.00
# Visual Studio 15
VisualStudioVersion = 15.0.27703.2018
MinimumVisualStudioVersion = 10.0.40219.1
Project("{FAE04EC0-301F-11D3-BF4B-00C04F79EFBC}") = "Condorcet Winners", "Condorcet Winners\Condorcet Winners.csproj", "{19AFCEB9-DEF7-48F0-8972-861F1EF841F8}"
EndProject
Global
	GlobalSection(SolutionConfigurationPlatforms) = preSolution
		Debug|Any CPU = Debug|Any CPU
		Release|Any CPU = Release|Any CPU
	EndGlobalSection
	GlobalSection(ProjectConfigurationPlatforms) = postSolution
		{19AFCEB9-DEF7-48F0-8972-861F1EF841F8}.Debug|Any CPU.ActiveCfg = Debug|Any CPU
		{19AFCEB9-DEF7-48F0-8972-861F1EF841F8}.Debug|Any CPU.Build.0 = Debug|Any CPU
		{19AFCEB9-DEF7-48F0-8972-861F1EF841F8}.Release|Any CPU.ActiveCfg = Release|Any CPU
		{19AFCEB9-DEF7-48F0-8972-861F1EF841F8}.Release|Any CPU.Build.0 = Release|Any CPU
	EndGlobalSection
	GlobalSection(SolutionProperties) = preSolution
		HideSolutionNode = FALSE
	EndGlobalSection
	GlobalSection(ExtensibilityGlobals) = postSolution
		SolutionGuid = {BB3C0EDE-1A60-4F32-AAC6-F9611A016416}
	EndGlobalSection
EndGlobal
